
Microsoft Visual Studio Solution File, Format Version 12.00
# Visual Studio Version 16
VisualStudioVersion = 16.0.29230.47
MinimumVisualStudioVersion = 10.0.40219.1
Project("{FAE04EC0-301F-11D3-BF4B-00C04F79EFBC}") = "IpSetterCS", "IpSetterCS\IpSetterCS.csproj", "{CBE58C01-0F34-4BCB-9453-6476E71F7ED0}"
EndProject
Global
	GlobalSection(SolutionConfigurationPlatforms) = preSolution
		Debug|Any CPU = Debug|Any CPU
		Release|Any CPU = Release|Any CPU
	EndGlobalSection
	GlobalSection(ProjectConfigurationPlatforms) = postSolution
		{CBE58C01-0F34-4BCB-9453-6476E71F7ED0}.Debug|Any CPU.ActiveCfg = Debug|Any CPU
		{CBE58C01-0F34-4BCB-9453-6476E71F7ED0}.Debug|Any CPU.Build.0 = Debug|Any CPU
		{CBE58C01-0F34-4BCB-9453-6476E71F7ED0}.Release|Any CPU.ActiveCfg = Release|Any CPU
		{CBE58C01-0F34-4BCB-9453-6476E71F7ED0}.Release|Any CPU.Build.0 = Release|Any CPU
	EndGlobalSection
	GlobalSection(SolutionProperties) = preSolution
		HideSolutionNode = FALSE
	EndGlobalSection
	GlobalSection(ExtensibilityGlobals) = postSolution
		SolutionGuid = {AEB8DA64-03CA-49DE-9C87-40702C4466EE}
	EndGlobalSection
EndGlobal
